
Microsoft Visual Studio Solution File, Format Version 12.00
# Visual Studio Version 17
VisualStudioVersion = 17.0.32002.185
MinimumVisualStudioVersion = 10.0.40219.1
Project("{9A19103F-16F7-4668-BE54-9A1E7A4F7556}") = "Nop.Core", "Nop.Core\Nop.Core.csproj", "{6B46A04D-A37C-4AC3-B3EE-8E98FA6426A6}"
EndProject
Project("{9A19103F-16F7-4668-BE54-9A1E7A4F7556}") = "Nop.Data", "Nop.Data\Nop.Data.csproj", "{E97B8DD5-3EA0-425B-A159-9A02CA3EB714}"
EndProject
Project("{9A19103F-16F7-4668-BE54-9A1E7A4F7556}") = "Nop.Services", "Nop.Services\Nop.Services.csproj", "{DBF5DF5B-5047-49F0-910C-68503359335F}"
EndProject
Global
	GlobalSection(SolutionConfigurationPlatforms) = preSolution
		Debug|Any CPU = Debug|Any CPU
		Debug|Mixed Platforms = Debug|Mixed Platforms
		Debug|x86 = Debug|x86
		Release|Any CPU = Release|Any CPU
		Release|Mixed Platforms = Release|Mixed Platforms
		Release|x86 = Release|x86
	EndGlobalSection
	GlobalSection(ProjectConfigurationPlatforms) = postSolution
		{6B46A04D-A37C-4AC3-B3EE-8E98FA6426A6}.Debug|Any CPU.ActiveCfg = Debug|Any CPU
		{6B46A04D-A37C-4AC3-B3EE-8E98FA6426A6}.Debug|Any CPU.Build.0 = Debug|Any CPU
		{6B46A04D-A37C-4AC3-B3EE-8E98FA6426A6}.Debug|Mixed Platforms.ActiveCfg = Debug|Any CPU
		{6B46A04D-A37C-4AC3-B3EE-8E98FA6426A6}.Debug|Mixed Platforms.Build.0 = Debug|Any CPU
		{6B46A04D-A37C-4AC3-B3EE-8E98FA6426A6}.Debug|x86.ActiveCfg = Debug|Any CPU
		{6B46A04D-A37C-4AC3-B3EE-8E98FA6426A6}.Debug|x86.Build.0 = Debug|Any CPU
		{6B46A04D-A37C-4AC3-B3EE-8E98FA6426A6}.Release|Any CPU.ActiveCfg = Release|Any CPU
		{6B46A04D-A37C-4AC3-B3EE-8E98FA6426A6}.Release|Any CPU.Build.0 = Release|Any CPU
		{6B46A04D-A37C-4AC3-B3EE-8E98FA6426A6}.Release|Mixed Platforms.ActiveCfg = Release|Any CPU
		{6B46A04D-A37C-4AC3-B3EE-8E98FA6426A6}.Release|Mixed Platforms.Build.0 = Release|Any CPU
		{6B46A04D-A37C-4AC3-B3EE-8E98FA6426A6}.Release|x86.ActiveCfg = Release|Any CPU
		{6B46A04D-A37C-4AC3-B3EE-8E98FA6426A6}.Release|x86.Build.0 = Release|Any CPU
		{E97B8DD5-3EA0-425B-A159-9A02CA3EB714}.Debug|Any CPU.ActiveCfg = Debug|Any CPU
		{E97B8DD5-3EA0-425B-A159-9A02CA3EB714}.Debug|Any CPU.Build.0 = Debug|Any CPU
		{E97B8DD5-3EA0-425B-A159-9A02CA3EB714}.Debug|Mixed Platforms.ActiveCfg = Debug|Any CPU
		{E97B8DD5-3EA0-425B-A159-9A02CA3EB714}.Debug|Mixed Platforms.Build.0 = Debug|Any CPU
		{E97B8DD5-3EA0-425B-A159-9A02CA3EB714}.Debug|x86.ActiveCfg = Debug|Any CPU
		{E97B8DD5-3EA0-425B-A159-9A02CA3EB714}.Debug|x86.Build.0 = Debug|Any CPU
		{E97B8DD5-3EA0-425B-A159-9A02CA3EB714}.Release|Any CPU.ActiveCfg = Release|Any CPU
		{E97B8DD5-3EA0-425B-A159-9A02CA3EB714}.Release|Any CPU.Build.0 = Release|Any CPU
		{E97B8DD5-3EA0-425B-A159-9A02CA3EB714}.Release|Mixed Platforms.ActiveCfg = Release|Any CPU
		{E97B8DD5-3EA0-425B-A159-9A02CA3EB714}.Release|Mixed Platforms.Build.0 = Release|Any CPU
		{E97B8DD5-3EA0-425B-A159-9A02CA3EB714}.Release|x86.ActiveCfg = Release|Any CPU
		{E97B8DD5-3EA0-425B-A159-9A02CA3EB714}.Release|x86.Build.0 = Release|Any CPU
		{DBF5DF5B-5047-49F0-910C-68503359335F}.Debug|Any CPU.ActiveCfg = Debug|Any CPU
		{DBF5DF5B-5047-49F0-910C-68503359335F}.Debug|Any CPU.Build.0 = Debug|Any CPU
		{DBF5DF5B-5047-49F0-910C-68503359335F}.Debug|Mixed Platforms.ActiveCfg = Debug|Any CPU
		{DBF5DF5B-5047-49F0-910C-68503359335F}.Debug|Mixed Platforms.Build.0 = Debug|Any CPU
		{DBF5DF5B-5047-49F0-910C-68503359335F}.Debug|x86.ActiveCfg = Debug|Any CPU
		{DBF5DF5B-5047-49F0-910C-68503359335F}.Debug|x86.Build.0 = Debug|Any CPU
		{DBF5DF5B-5047-49F0-910C-68503359335F}.Release|Any CPU.ActiveCfg = Release|Any CPU
		{DBF5DF5B-5047-49F0-910C-68503359335F}.Release|Any CPU.Build.0 = Release|Any CPU
		{DBF5DF5B-5047-49F0-910C-68503359335F}.Release|Mixed Platforms.ActiveCfg = Release|Any CPU
		{DBF5DF5B-5047-49F0-910C-68503359335F}.Release|Mixed Platforms.Build.0 = Release|Any CPU
		{DBF5DF5B-5047-49F0-910C-68503359335F}.Release|x86.ActiveCfg = Release|Any CPU
		{DBF5DF5B-5047-49F0-910C-68503359335F}.Release|x86.Build.0 = Release|Any CPU
	EndGlobalSection
	GlobalSection(SolutionProperties) = preSolution
		HideSolutionNode = FALSE
	EndGlobalSection
	GlobalSection(ExtensibilityGlobals) = postSolution
		SolutionGuid = {EE72A8B2-332A-4175-9319-6726D36E9D25}
	EndGlobalSection
	GlobalSection(NDepend) = preSolution
		Project = ".\NopCommerce.ndproj"
	EndGlobalSection
EndGlobal
